PODS:
  - Alamofire (5.4.0)
  - CNPPopupController (0.3.3)
  - Cosmos (23.0.0)
  - InstantSearchVoiceOverlay (1.1.0)
  - JVFloatLabeledTextField (1.2.2)
  - MBProgressHUD (1.2.0)
  - RPFloatingPlaceholders (0.3.3)
  - SkyFloatingLabelTextField (4.0.0)
  - SwiftyJSON (5.0.0)
  - Toast-Swift (5.0.1)
  - TPKeyboardAvoidingSwift (3.2)

DEPENDENCIES:
  - Alamofire
  - CNPPopupController
  - Cosmos
  - InstantSearchVoiceOverlay
  - JVFloatLabeledTextField
  - MBProgressHUD
  - RPFloatingPlaceholders
  - SkyFloatingLabelTextField
  - SwiftyJSON
  - Toast-Swift
  - TPKeyboardAvoidingSwift

SPEC REPOS:
  trunk:
    - Alamofire
    - CNPPopupController
    - Cosmos
    - InstantSearchVoiceOverlay
    - JVFloatLabeledTextField
    - MBProgressHUD
    - RPFloatingPlaceholders
    - SkyFloatingLabelTextField
    - SwiftyJSON
    - Toast-Swift
    - TPKeyboardAvoidingSwift

SPEC CHECKSUMS:
  Alamofire: 3b6a534a3df22db367e4dedeeca73d1ddfcf0e2f
  CNPPopupController: 59b06290762f68beab5fb0bbfa87eb4dcbefb7de
  Cosmos: b5c6a9a637e28a061b54c8f8b1d8529d7d4db73f
  InstantSearchVoiceOverlay: 8fcbd0c143c872e6b39ef9b6475f1dfeb9ebfbcf
  JVFloatLabeledTextField: df48598472ee015701d509f43e59492a0d4ca208
  MBProgressHUD: 3ee5efcc380f6a79a7cc9b363dd669c5e1ae7406
  RPFloatingPlaceholders: 983ea3e4b8d7aee04ce2d3d418a8fa24c3f59061
  SkyFloatingLabelTextField: 79ddc40e4ad59707fedbb48d605417aee48bb78a
  SwiftyJSON: 36413e04c44ee145039d332b4f4e2d3e8d6c4db7
  Toast-Swift: 9b6a70f28b3bf0b96c40d46c0c4b9d6639846711
  TPKeyboardAvoidingSwift: ce1a75e0bc3af6b485f8bfa1d0a8320cfc565851

PODFILE CHECKSUM: c2e3bb0d699e838026ee4e1f5a18e04e0ebdd925

COCOAPODS: 1.10.0
